
Microsoft Visual Studio Solution File, Format Version 12.00
# Visual Studio Version 16
VisualStudioVersion = 16.0.30804.86
MinimumVisualStudioVersion = 10.0.40219.1
Project("{9A19103F-16F7-4668-BE54-9A1E7A4F7556}") = "KampIntro", "KampIntro\KampIntro.csproj", "{76D79170-AA2E-408E-B2BB-A46A99CB5A14}"
EndProject
Project("{9A19103F-16F7-4668-BE54-9A1E7A4F7556}") = "DegerveReferansTipler", "DegerveReferansTipler\DegerveReferansTipler.csproj", "{FD25C9A1-B012-405F-8F1E-13DA96584831}"
EndProject
Project("{9A19103F-16F7-4668-BE54-9A1E7A4F7556}") = "Metotlar", "Metotlar\Metotlar.csproj", "{B2E0A459-99CC-42F0-A3AF-A47332061CBB}"
EndProject
Project("{9A19103F-16F7-4668-BE54-9A1E7A4F7556}") = "Donguler", "Donguler\Donguler.csproj", "{E9E3C3E2-D5D5-48E6-87F6-6330E247C11B}"
EndProject
Project("{9A19103F-16F7-4668-BE54-9A1E7A4F7556}") = "ClassIntro", "ClassIntro\ClassIntro.csproj", "{DD6E6A58-A0E0-4027-9331-B9E1B11F0D44}"
EndProject
Project("{9A19103F-16F7-4668-BE54-9A1E7A4F7556}") = "OOP1", "OOP1\OOP1.csproj", "{8877A8B1-909C-40E2-B6D9-332E220B3A32}"
EndProject
Project("{9A19103F-16F7-4668-BE54-9A1E7A4F7556}") = "Koleksiyonlar", "Koleksiyonlar\Koleksiyonlar.csproj", "{C6222C22-FDC8-450B-A157-AFDE554C54D4}"
EndProject
Project("{9A19103F-16F7-4668-BE54-9A1E7A4F7556}") = "GenericsIntro", "GenericsIntro\GenericsIntro.csproj", "{98FED1D4-6906-4100-9F76-3C3DB1CF47F9}"
EndProject
Project("{FAE04EC0-301F-11D3-BF4B-00C04F79EFBC}") = "ClassMetotDemo", "ClassMetotDemo\ClassMetotDemo.csproj", "{818D8F9A-3E14-4CBB-855E-C1F373ADDDDB}"
EndProject
Global
	GlobalSection(SolutionConfigurationPlatforms) = preSolution
		Debug|Any CPU = Debug|Any CPU
		Release|Any CPU = Release|Any CPU
	EndGlobalSection
	GlobalSection(ProjectConfigurationPlatforms) = postSolution
		{76D79170-AA2E-408E-B2BB-A46A99CB5A14}.Debug|Any CPU.ActiveCfg = Debug|Any CPU
		{76D79170-AA2E-408E-B2BB-A46A99CB5A14}.Debug|Any CPU.Build.0 = Debug|Any CPU
		{76D79170-AA2E-408E-B2BB-A46A99CB5A14}.Release|Any CPU.ActiveCfg = Release|Any CPU
		{76D79170-AA2E-408E-B2BB-A46A99CB5A14}.Release|Any CPU.Build.0 = Release|Any CPU
		{FD25C9A1-B012-405F-8F1E-13DA96584831}.Debug|Any CPU.ActiveCfg = Debug|Any CPU
		{FD25C9A1-B012-405F-8F1E-13DA96584831}.Debug|Any CPU.Build.0 = Debug|Any CPU
		{FD25C9A1-B012-405F-8F1E-13DA96584831}.Release|Any CPU.ActiveCfg = Release|Any CPU
		{FD25C9A1-B012-405F-8F1E-13DA96584831}.Release|Any CPU.Build.0 = Release|Any CPU
		{B2E0A459-99CC-42F0-A3AF-A47332061CBB}.Debug|Any CPU.ActiveCfg = Debug|Any CPU
		{B2E0A459-99CC-42F0-A3AF-A47332061CBB}.Debug|Any CPU.Build.0 = Debug|Any CPU
		{B2E0A459-99CC-42F0-A3AF-A47332061CBB}.Release|Any CPU.ActiveCfg = Release|Any CPU
		{B2E0A459-99CC-42F0-A3AF-A47332061CBB}.Release|Any CPU.Build.0 = Release|Any CPU
		{E9E3C3E2-D5D5-48E6-87F6-6330E247C11B}.Debug|Any CPU.ActiveCfg = Debug|Any CPU
		{E9E3C3E2-D5D5-48E6-87F6-6330E247C11B}.Debug|Any CPU.Build.0 = Debug|Any CPU
		{E9E3C3E2-D5D5-48E6-87F6-6330E247C11B}.Release|Any CPU.ActiveCfg = Release|Any CPU
		{E9E3C3E2-D5D5-48E6-87F6-6330E247C11B}.Release|Any CPU.Build.0 = Release|Any CPU
		{DD6E6A58-A0E0-4027-9331-B9E1B11F0D44}.Debug|Any CPU.ActiveCfg = Debug|Any CPU
		{DD6E6A58-A0E0-4027-9331-B9E1B11F0D44}.Debug|Any CPU.Build.0 = Debug|Any CPU
		{DD6E6A58-A0E0-4027-9331-B9E1B11F0D44}.Release|Any CPU.ActiveCfg = Release|Any CPU
		{DD6E6A58-A0E0-4027-9331-B9E1B11F0D44}.Release|Any CPU.Build.0 = Release|Any CPU
		{8877A8B1-909C-40E2-B6D9-332E220B3A32}.Debug|Any CPU.ActiveCfg = Debug|Any CPU
		{8877A8B1-909C-40E2-B6D9-332E220B3A32}.Debug|Any CPU.Build.0 = Debug|Any CPU
		{8877A8B1-909C-40E2-B6D9-332E220B3A32}.Release|Any CPU.ActiveCfg = Release|Any CPU
		{8877A8B1-909C-40E2-B6D9-332E220B3A32}.Release|Any CPU.Build.0 = Release|Any CPU
		{C6222C22-FDC8-450B-A157-AFDE554C54D4}.Debug|Any CPU.ActiveCfg = Debug|Any CPU
		{C6222C22-FDC8-450B-A157-AFDE554C54D4}.Debug|Any CPU.Build.0 = Debug|Any CPU
		{C6222C22-FDC8-450B-A157-AFDE554C54D4}.Release|Any CPU.ActiveCfg = Release|Any CPU
		{C6222C22-FDC8-450B-A157-AFDE554C54D4}.Release|Any CPU.Build.0 = Release|Any CPU
		{98FED1D4-6906-4100-9F76-3C3DB1CF47F9}.Debug|Any CPU.ActiveCfg = Debug|Any CPU
		{98FED1D4-6906-4100-9F76-3C3DB1CF47F9}.Debug|Any CPU.Build.0 = Debug|Any CPU
		{98FED1D4-6906-4100-9F76-3C3DB1CF47F9}.Release|Any CPU.ActiveCfg = Release|Any CPU
		{98FED1D4-6906-4100-9F76-3C3DB1CF47F9}.Release|Any CPU.Build.0 = Release|Any CPU
		{818D8F9A-3E14-4CBB-855E-C1F373ADDDDB}.Debug|Any CPU.ActiveCfg = Debug|Any CPU
		{818D8F9A-3E14-4CBB-855E-C1F373ADDDDB}.Debug|Any CPU.Build.0 = Debug|Any CPU
		{818D8F9A-3E14-4CBB-855E-C1F373ADDDDB}.Release|Any CPU.ActiveCfg = Release|Any CPU
		{818D8F9A-3E14-4CBB-855E-C1F373ADDDDB}.Release|Any CPU.Build.0 = Release|Any CPU
	EndGlobalSection
	GlobalSection(SolutionProperties) = preSolution
		HideSolutionNode = FALSE
	EndGlobalSection
	GlobalSection(ExtensibilityGlobals) = postSolution
		SolutionGuid = {72653E71-A8DB-4250-901E-EA1150874DF2}
	EndGlobalSection
EndGlobal
