
Microsoft Visual Studio Solution File, Format Version 12.00
# Visual Studio Version 16
VisualStudioVersion = 16.0.30804.86
MinimumVisualStudioVersion = 10.0.40219.1
Project("{FAE04EC0-301F-11D3-BF4B-00C04F79EFBC}") = "KampIntro", "KampIntro\KampIntro.csproj", "{76D79170-AA2E-408E-B2BB-A46A99CB5A14}"
EndProject
Project("{FAE04EC0-301F-11D3-BF4B-00C04F79EFBC}") = "DegerveReferansTipler", "DegerveReferansTipler\DegerveReferansTipler.csproj", "{FD25C9A1-B012-405F-8F1E-13DA96584831}"
EndProject
Project("{FAE04EC0-301F-11D3-BF4B-00C04F79EFBC}") = "Metotlar", "Metotlar\Metotlar.csproj", "{B2E0A459-99CC-42F0-A3AF-A47332061CBB}"
EndProject
Project("{FAE04EC0-301F-11D3-BF4B-00C04F79EFBC}") = "Donguler", "Donguler\Donguler.csproj", "{E9E3C3E2-D5D5-48E6-87F6-6330E247C11B}"
EndProject
Project("{FAE04EC0-301F-11D3-BF4B-00C04F79EFBC}") = "ClassIntro", "ClassIntro\ClassIntro.csproj", "{DD6E6A58-A0E0-4027-9331-B9E1B11F0D44}"
EndProject
Global
	GlobalSection(SolutionConfigurationPlatforms) = preSolution
		Debug|Any CPU = Debug|Any CPU
		Release|Any CPU = Release|Any CPU
	EndGlobalSection
	GlobalSection(ProjectConfigurationPlatforms) = postSolution
		{76D79170-AA2E-408E-B2BB-A46A99CB5A14}.Debug|Any CPU.ActiveCfg = Debug|Any CPU
		{76D79170-AA2E-408E-B2BB-A46A99CB5A14}.Debug|Any CPU.Build.0 = Debug|Any CPU
		{76D79170-AA2E-408E-B2BB-A46A99CB5A14}.Release|Any CPU.ActiveCfg = Release|Any CPU
		{76D79170-AA2E-408E-B2BB-A46A99CB5A14}.Release|Any CPU.Build.0 = Release|Any CPU
		{FD25C9A1-B012-405F-8F1E-13DA96584831}.Debug|Any CPU.ActiveCfg = Debug|Any CPU
		{FD25C9A1-B012-405F-8F1E-13DA96584831}.Debug|Any CPU.Build.0 = Debug|Any CPU
		{FD25C9A1-B012-405F-8F1E-13DA96584831}.Release|Any CPU.ActiveCfg = Release|Any CPU
		{FD25C9A1-B012-405F-8F1E-13DA96584831}.Release|Any CPU.Build.0 = Release|Any CPU
		{B2E0A459-99CC-42F0-A3AF-A47332061CBB}.Debug|Any CPU.ActiveCfg = Debug|Any CPU
		{B2E0A459-99CC-42F0-A3AF-A47332061CBB}.Debug|Any CPU.Build.0 = Debug|Any CPU
		{B2E0A459-99CC-42F0-A3AF-A47332061CBB}.Release|Any CPU.ActiveCfg = Release|Any CPU
		{B2E0A459-99CC-42F0-A3AF-A47332061CBB}.Release|Any CPU.Build.0 = Release|Any CPU
		{E9E3C3E2-D5D5-48E6-87F6-6330E247C11B}.Debug|Any CPU.ActiveCfg = Debug|Any CPU
		{E9E3C3E2-D5D5-48E6-87F6-6330E247C11B}.Debug|Any CPU.Build.0 = Debug|Any CPU
		{E9E3C3E2-D5D5-48E6-87F6-6330E247C11B}.Release|Any CPU.ActiveCfg = Release|Any CPU
		{E9E3C3E2-D5D5-48E6-87F6-6330E247C11B}.Release|Any CPU.Build.0 = Release|Any CPU
		{DD6E6A58-A0E0-4027-9331-B9E1B11F0D44}.Debug|Any CPU.ActiveCfg = Debug|Any CPU
		{DD6E6A58-A0E0-4027-9331-B9E1B11F0D44}.Debug|Any CPU.Build.0 = Debug|Any CPU
		{DD6E6A58-A0E0-4027-9331-B9E1B11F0D44}.Release|Any CPU.ActiveCfg = Release|Any CPU
		{DD6E6A58-A0E0-4027-9331-B9E1B11F0D44}.Release|Any CPU.Build.0 = Release|Any CPU
	EndGlobalSection
	GlobalSection(SolutionProperties) = preSolution
		HideSolutionNode = FALSE
	EndGlobalSection
	GlobalSection(ExtensibilityGlobals) = postSolution
		SolutionGuid = {72653E71-A8DB-4250-901E-EA1150874DF2}
	EndGlobalSection
EndGlobal
